// !$*UTF8*$!
{
	archiveVersion = 1;
	classes = {
	};
	objectVersion = 46;
	objects = {

/* Begin PBXBuildFile section */
		CEF4491319077E4C0040EF08 /* Foundation.framework in Frameworks */ = {isa = PBXBuildFile; fileRef = CEF4491219077E4C0040EF08 /* Foundation.framework */; };
		CEF4491519077E4C0040EF08 /* CoreGraphics.framework in Frameworks */ = {isa = PBXBuildFile; fileRef = CEF4491419077E4C0040EF08 /* CoreGraphics.framework */; };
		CEF4491719077E4C0040EF08 /* UIKit.framework in Frameworks */ = {isa = PBXBuildFile; fileRef = CEF4491619077E4C0040EF08 /* UIKit.framework */; };
		CEF4491D19077E4C0040EF08 /* InfoPlist.strings in Resources */ = {isa = PBXBuildFile; fileRef = CEF4491B19077E4C0040EF08 /* InfoPlist.strings */; };
		CEF4491F19077E4C0040EF08 /* main.m in Sources */ = {isa = PBXBuildFile; fileRef = CEF4491E19077E4C0040EF08 /* main.m */; };
		CEF4492319077E4C0040EF08 /* AppDelegate.m in Sources */ = {isa = PBXBuildFile; fileRef = CEF4492219077E4C0040EF08 /* AppDelegate.m */; };
		CEF4492619077E4C0040EF08 /* Main.storyboard in Resources */ = {isa = PBXBuildFile; fileRef = CEF4492419077E4C0040EF08 /* Main.storyboard */; };
		CEF4492919077E4C0040EF08 /* FirstViewController.m in Sources */ = {isa = PBXBuildFile; fileRef = CEF4492819077E4C0040EF08 /* FirstViewController.m */; };
		CEF4492C19077E4C0040EF08 /* SecondViewController.m in Sources */ = {isa = PBXBuildFile; fileRef = CEF4492B19077E4C0040EF08 /* SecondViewController.m */; };
		CEF4492E19077E4C0040EF08 /* Images.xcassets in Resources */ = {isa = PBXBuildFile; fileRef = CEF4492D19077E4C0040EF08 /* Images.xcassets */; };
		CEF4493519077E4C0040EF08 /* XCTest.framework in Frameworks */ = {isa = PBXBuildFile; fileRef = CEF4493419077E4C0040EF08 /* XCTest.framework */; };
		CEF4493619077E4C0040EF08 /* Foundation.framework in Frameworks */ = {isa = PBXBuildFile; fileRef = CEF4491219077E4C0040EF08 /* Foundation.framework */; };
		CEF4493719077E4C0040EF08 /* UIKit.framework in Frameworks */ = {isa = PBXBuildFile; fileRef = CEF4491619077E4C0040EF08 /* UIKit.framework */; };
		CEF4493F19077E4C0040EF08 /* InfoPlist.strings in Resources */ = {isa = PBXBuildFile; fileRef = CEF4493D19077E4C0040EF08 /* InfoPlist.strings */; };
		CEF4494119077E4C0040EF08 /* SaritasaTestTests.m in Sources */ = {isa = PBXBuildFile; fileRef = CEF4494019077E4C0040EF08 /* SaritasaTestTests.m */; };
/* End PBXBuildFile section */

/* Begin PBXContainerItemProxy section */
		CEF4493819077E4C0040EF08 /* PBXContainerItemProxy */ = {
			isa = PBXContainerItemProxy;
			containerPortal = CEF4490719077E4C0040EF08 /* Project object */;
			proxyType = 1;
			remoteGlobalIDString = CEF4490E19077E4C0040EF08;
			remoteInfo = SaritasaTest;
		};
/* End PBXContainerItemProxy section */

/* Begin PBXFileReference section */
		CEF4490F19077E4C0040EF08 /* SaritasaTest.app */ = {isa = PBXFileReference; explicitFileType = wrapper.application; includeInIndex = 0; path = SaritasaTest.app; sourceTree = BUILT_PRODUCTS_DIR; };
		CEF4491219077E4C0040EF08 /* Foundation.framework */ = {isa = PBXFileReference; lastKnownFileType = wrapper.framework; name = Foundation.framework; path = System/Library/Frameworks/Foundation.framework; sourceTree = SDKROOT; };
		CEF4491419077E4C0040EF08 /* CoreGraphics.framework */ = {isa = PBXFileReference; lastKnownFileType = wrapper.framework; name = CoreGraphics.framework; path = System/Library/Frameworks/CoreGraphics.framework; sourceTree = SDKROOT; };
		CEF4491619077E4C0040EF08 /* UIKit.framework */ = {isa = PBXFileReference; lastKnownFileType = wrapper.framework; name = UIKit.framework; path = System/Library/Frameworks/UIKit.framework; sourceTree = SDKROOT; };
		CEF4491A19077E4C0040EF08 /* SaritasaTest-Info.plist */ = {isa = PBXFileReference; lastKnownFileType = text.plist.xml; path = "SaritasaTest-Info.plist"; sourceTree = "<group>"; };
		CEF4491C19077E4C0040EF08 /* en */ = {isa = PBXFileReference; lastKnownFileType = text.plist.strings; name = en; path = en.lproj/InfoPlist.strings; sourceTree = "<group>"; };
		CEF4491E19077E4C0040EF08 /* main.m */ = {isa = PBXFileReference; lastKnownFileType = sourcecode.c.objc; path = main.m; sourceTree = "<group>"; };
		CEF4492019077E4C0040EF08 /* SaritasaTest-Prefix.pch */ = {isa = PBXFileReference; lastKnownFileType = sourcecode.c.h; path = "SaritasaTest-Prefix.pch"; sourceTree = "<group>"; };
		CEF4492119077E4C0040EF08 /* AppDelegate.h */ = {isa = PBXFileReference; lastKnownFileType = sourcecode.c.h; path = AppDelegate.h; sourceTree = "<group>"; };
		CEF4492219077E4C0040EF08 /* AppDelegate.m */ = {isa = PBXFileReference; lastKnownFileType = sourcecode.c.objc; path = AppDelegate.m; sourceTree = "<group>"; };
		CEF4492519077E4C0040EF08 /* Base */ = {isa = PBXFileReference; lastKnownFileType = file.storyboard; name = Base; path = Base.lproj/Main.storyboard; sourceTree = "<group>"; };
		CEF4492719077E4C0040EF08 /* FirstViewController.h */ = {isa = PBXFileReference; lastKnownFileType = sourcecode.c.h; path = FirstViewController.h; sourceTree = "<group>"; };
		CEF4492819077E4C0040EF08 /* FirstViewController.m */ = {isa = PBXFileReference; lastKnownFileType = sourcecode.c.objc; path = FirstViewController.m; sourceTree = "<group>"; };
		CEF4492A19077E4C0040EF08 /* SecondViewController.h */ = {isa = PBXFileReference; lastKnownFileType = sourcecode.c.h; path = SecondViewController.h; sourceTree = "<group>"; };
		CEF4492B19077E4C0040EF08 /* SecondViewController.m */ = {isa = PBXFileReference; lastKnownFileType = sourcecode.c.objc; path = SecondViewController.m; sourceTree = "<group>"; };
		CEF4492D19077E4C0040EF08 /* Images.xcassets */ = {isa = PBXFileReference; lastKnownFileType = folder.assetcatalog; path = Images.xcassets; sourceTree = "<group>"; };
		CEF4493319077E4C0040EF08 /* SaritasaTestTests.xctest */ = {isa = PBXFileReference; explicitFileType = wrapper.cfbundle; includeInIndex = 0; path = SaritasaTestTests.xctest; sourceTree = BUILT_PRODUCTS_DIR; };
		CEF4493419077E4C0040EF08 /* XCTest.framework */ = {isa = PBXFileReference; lastKnownFileType = wrapper.framework; name = XCTest.framework; path = Library/Frameworks/XCTest.framework; sourceTree = DEVELOPER_DIR; };
		CEF4493C19077E4C0040EF08 /* SaritasaTestTests-Info.plist */ = {isa = PBXFileReference; lastKnownFileType = text.plist.xml; path = "SaritasaTestTests-Info.plist"; sourceTree = "<group>"; };
		CEF4493E19077E4C0040EF08 /* en */ = {isa = PBXFileReference; lastKnownFileType = text.plist.strings; name = en; path = en.lproj/InfoPlist.strings; sourceTree = "<group>"; };
		CEF4494019077E4C0040EF08 /* SaritasaTestTests.m */ = {isa = PBXFileReference; lastKnownFileType = sourcecode.c.objc; path = SaritasaTestTests.m; sourceTree = "<group>"; };
/* End PBXFileReference section */

/* Begin PBXFrameworksBuildPhase section */
		CEF4490C19077E4C0040EF08 /* Frameworks */ = {
			isa = PBXFrameworksBuildPhase;
			buildActionMask = 2147483647;
			files = (
				CEF4491519077E4C0040EF08 /* CoreGraphics.framework in Frameworks */,
				CEF4491719077E4C0040EF08 /* UIKit.framework in Frameworks */,
				CEF4491319077E4C0040EF08 /* Foundation.framework in Frameworks */,
			);
			runOnlyForDeploymentPostprocessing = 0;
		};
		CEF4493019077E4C0040EF08 /* Frameworks */ = {
			isa = PBXFrameworksBuildPhase;
			buildActionMask = 2147483647;
			files = (
				CEF4493519077E4C0040EF08 /* XCTest.framework in Frameworks */,
				CEF4493719077E4C0040EF08 /* UIKit.framework in Frameworks */,
				CEF4493619077E4C0040EF08 /* Foundation.framework in Frameworks */,
			);
			runOnlyForDeploymentPostprocessing = 0;
		};
/* End PBXFrameworksBuildPhase section */

/* Begin PBXGroup section */
		CEF4490619077E4C0040EF08 = {
			isa = PBXGroup;
			children = (
				CEF4491819077E4C0040EF08 /* SaritasaTest */,
				CEF4493A19077E4C0040EF08 /* SaritasaTestTests */,
				CEF4491119077E4C0040EF08 /* Frameworks */,
				CEF4491019077E4C0040EF08 /* Products */,
			);
			sourceTree = "<group>";
		};
		CEF4491019077E4C0040EF08 /* Products */ = {
			isa = PBXGroup;
			children = (
				CEF4490F19077E4C0040EF08 /* SaritasaTest.app */,
				CEF4493319077E4C0040EF08 /* SaritasaTestTests.xctest */,
			);
			name = Products;
			sourceTree = "<group>";
		};
		CEF4491119077E4C0040EF08 /* Frameworks */ = {
			isa = PBXGroup;
			children = (
				CEF4491219077E4C0040EF08 /* Foundation.framework */,
				CEF4491419077E4C0040EF08 /* CoreGraphics.framework */,
				CEF4491619077E4C0040EF08 /* UIKit.framework */,
				CEF4493419077E4C0040EF08 /* XCTest.framework */,
			);
			name = Frameworks;
			sourceTree = "<group>";
		};
		CEF4491819077E4C0040EF08 /* SaritasaTest */ = {
			isa = PBXGroup;
			children = (
				CEF4492119077E4C0040EF08 /* AppDelegate.h */,
				CEF4492219077E4C0040EF08 /* AppDelegate.m */,
				CEF4492419077E4C0040EF08 /* Main.storyboard */,
				CEF4492719077E4C0040EF08 /* FirstViewController.h */,
				CEF4492819077E4C0040EF08 /* FirstViewController.m */,
				CEF4492A19077E4C0040EF08 /* SecondViewController.h */,
				CEF4492B19077E4C0040EF08 /* SecondViewController.m */,
				CEF4492D19077E4C0040EF08 /* Images.xcassets */,
				CEF4491919077E4C0040EF08 /* Supporting Files */,
			);
			path = SaritasaTest;
			sourceTree = "<group>";
		};
		CEF4491919077E4C0040EF08 /* Supporting Files */ = {
			isa = PBXGroup;
			children = (
				CEF4491A19077E4C0040EF08 /* SaritasaTest-Info.plist */,
				CEF4491B19077E4C0040EF08 /* InfoPlist.strings */,
				CEF4491E19077E4C0040EF08 /* main.m */,
				CEF4492019077E4C0040EF08 /* SaritasaTest-Prefix.pch */,
			);
			name = "Supporting Files";
			sourceTree = "<group>";
		};
		CEF4493A19077E4C0040EF08 /* SaritasaTestTests */ = {
			isa = PBXGroup;
			children = (
				CEF4494019077E4C0040EF08 /* SaritasaTestTests.m */,
				CEF4493B19077E4C0040EF08 /* Supporting Files */,
			);
			path = SaritasaTestTests;
			sourceTree = "<group>";
		};
		CEF4493B19077E4C0040EF08 /* Supporting Files */ = {
			isa = PBXGroup;
			children = (
				CEF4493C19077E4C0040EF08 /* SaritasaTestTests-Info.plist */,
				CEF4493D19077E4C0040EF08 /* InfoPlist.strings */,
			);
			name = "Supporting Files";
			sourceTree = "<group>";
		};
/* End PBXGroup section */

/* Begin PBXNativeTarget section */
		CEF4490E19077E4C0040EF08 /* SaritasaTest */ = {
			isa = PBXNativeTarget;
			buildConfigurationList = CEF4494419077E4C0040EF08 /* Build configuration list for PBXNativeTarget "SaritasaTest" */;
			buildPhases = (
				CEF4490B19077E4C0040EF08 /* Sources */,
				CEF4490C19077E4C0040EF08 /* Frameworks */,
				CEF4490D19077E4C0040EF08 /* Resources */,
			);
			buildRules = (
			);
			dependencies = (
			);
			name = SaritasaTest;
			productName = SaritasaTest;
			productReference = CEF4490F19077E4C0040EF08 /* SaritasaTest.app */;
			productType = "com.apple.product-type.application";
		};
		CEF4493219077E4C0040EF08 /* SaritasaTestTests */ = {
			isa = PBXNativeTarget;
			buildConfigurationList = CEF4494719077E4C0040EF08 /* Build configuration list for PBXNativeTarget "SaritasaTestTests" */;
			buildPhases = (
				CEF4492F19077E4C0040EF08 /* Sources */,
				CEF4493019077E4C0040EF08 /* Frameworks */,
				CEF4493119077E4C0040EF08 /* Resources */,
			);
			buildRules = (
			);
			dependencies = (
				CEF4493919077E4C0040EF08 /* PBXTargetDependency */,
			);
			name = SaritasaTestTests;
			productName = SaritasaTestTests;
			productReference = CEF4493319077E4C0040EF08 /* SaritasaTestTests.xctest */;
			productType = "com.apple.product-type.bundle.unit-test";
		};
/* End PBXNativeTarget section */

/* Begin PBXProject section */
		CEF4490719077E4C0040EF08 /* Project object */ = {
			isa = PBXProject;
			attributes = {
				LastUpgradeCheck = 0510;
				ORGANIZATIONNAME = com.saritasa;
				TargetAttributes = {
					CEF4490E19077E4C0040EF08 = {
						DevelopmentTeam = Y86M9Q9U52;
					};
					CEF4493219077E4C0040EF08 = {
						TestTargetID = CEF4490E19077E4C0040EF08;
					};
				};
			};
			buildConfigurationList = CEF4490A19077E4C0040EF08 /* Build configuration list for PBXProject "SaritasaTest" */;
			compatibilityVersion = "Xcode 3.2";
			developmentRegion = English;
			hasScannedForEncodings = 0;
			knownRegions = (
				en,
				Base,
			);
			mainGroup = CEF4490619077E4C0040EF08;
			productRefGroup = CEF4491019077E4C0040EF08 /* Products */;
			projectDirPath = "";
			projectRoot = "";
			targets = (
				CEF4490E19077E4C0040EF08 /* SaritasaTest */,
				CEF4493219077E4C0040EF08 /* SaritasaTestTests */,
			);
		};
/* End PBXProject section */

/* Begin PBXResourcesBuildPhase section */
		CEF4490D19077E4C0040EF08 /* Resources */ = {
			isa = PBXResourcesBuildPhase;
			buildActionMask = 2147483647;
			files = (
				CEF4492E19077E4C0040EF08 /* Images.xcassets in Resources */,
				CEF4491D19077E4C0040EF08 /* InfoPlist.strings in Resources */,
				CEF4492619077E4C0040EF08 /* Main.storyboard in Resources */,
			);
			runOnlyForDeploymentPostprocessing = 0;
		};
		CEF4493119077E4C0040EF08 /* Resources */ = {
			isa = PBXResourcesBuildPhase;
			buildActionMask = 2147483647;
			files = (
				CEF4493F19077E4C0040EF08 /* InfoPlist.strings in Resources */,
			);
			runOnlyForDeploymentPostprocessing = 0;
		};
/* End PBXResourcesBuildPhase section */

/* Begin PBXSourcesBuildPhase section */
		CEF4490B19077E4C0040EF08 /* Sources */ = {
			isa = PBXSourcesBuildPhase;
			buildActionMask = 2147483647;
			files = (
				CEF4492C19077E4C0040EF08 /* SecondViewController.m in Sources */,
				CEF4492319077E4C0040EF08 /* AppDelegate.m in Sources */,
				CEF4492919077E4C0040EF08 /* FirstViewController.m in Sources */,
				CEF4491F19077E4C0040EF08 /* main.m in Sources */,
			);
			runOnlyForDeploymentPostprocessing = 0;
		};
		CEF4492F19077E4C0040EF08 /* Sources */ = {
			isa = PBXSourcesBuildPhase;
			buildActionMask = 2147483647;
			files = (
				CEF4494119077E4C0040EF08 /* SaritasaTestTests.m in Sources */,
			);
			runOnlyForDeploymentPostprocessing = 0;
		};
/* End PBXSourcesBuildPhase section */

/* Begin PBXTargetDependency section */
		CEF4493919077E4C0040EF08 /* PBXTargetDependency */ = {
			isa = PBXTargetDependency;
			target = CEF4490E19077E4C0040EF08 /* SaritasaTest */;
			targetProxy = CEF4493819077E4C0040EF08 /* PBXContainerItemProxy */;
		};
/* End PBXTargetDependency section */

/* Begin PBXVariantGroup section */
		CEF4491B19077E4C0040EF08 /* InfoPlist.strings */ = {
			isa = PBXVariantGroup;
			children = (
				CEF4491C19077E4C0040EF08 /* en */,
			);
			name = InfoPlist.strings;
			sourceTree = "<group>";
		};
		CEF4492419077E4C0040EF08 /* Main.storyboard */ = {
			isa = PBXVariantGroup;
			children = (
				CEF4492519077E4C0040EF08 /* Base */,
			);
			name = Main.storyboard;
			sourceTree = "<group>";
		};
		CEF4493D19077E4C0040EF08 /* InfoPlist.strings */ = {
			isa = PBXVariantGroup;
			children = (
				CEF4493E19077E4C0040EF08 /* en */,
			);
			name = InfoPlist.strings;
			sourceTree = "<group>";
		};
/* End PBXVariantGroup section */

/* Begin XCBuildConfiguration section */
		CEF4494219077E4C0040EF08 /* Debug */ = {
			isa = XCBuildConfiguration;
			buildSettings = {
				ALWAYS_SEARCH_USER_PATHS = NO;
				CLANG_CXX_LANGUAGE_STANDARD = "gnu++0x";
				CLANG_CXX_LIBRARY = "libc++";
				CLANG_ENABLE_MODULES = YES;
				CLANG_ENABLE_OBJC_ARC = YES;
				CLANG_WARN_BOOL_CONVERSION = YES;
				CLANG_WARN_CONSTANT_CONVERSION = YES;
				CLANG_WARN_DIRECT_OBJC_ISA_USAGE = YES_ERROR;
				CLANG_WARN_EMPTY_BODY = YES;
				CLANG_WARN_ENUM_CONVERSION = YES;
				CLANG_WARN_INT_CONVERSION = YES;
				CLANG_WARN_OBJC_ROOT_CLASS = YES_ERROR;
				CLANG_WARN__DUPLICATE_METHOD_MATCH = YES;
				"CODE_SIGN_IDENTITY[sdk=iphoneos*]" = "iPhone Developer";
				COPY_PHASE_STRIP = NO;
				GCC_C_LANGUAGE_STANDARD = gnu99;
				GCC_DYNAMIC_NO_PIC = NO;
				GCC_OPTIMIZATION_LEVEL = 0;
				GCC_PREPROCESSOR_DEFINITIONS = (
					"DEBUG=1",
					"$(inherited)",
				);
				GCC_SYMBOLS_PRIVATE_EXTERN = NO;
				GCC_WARN_64_TO_32_BIT_CONVERSION = YES;
				GCC_WARN_ABOUT_RETURN_TYPE = YES_ERROR;
				GCC_WARN_UNDECLARED_SELECTOR = YES;
				GCC_WARN_UNINITIALIZED_AUTOS = YES_AGGRESSIVE;
				GCC_WARN_UNUSED_FUNCTION = YES;
				GCC_WARN_UNUSED_VARIABLE = YES;
				IPHONEOS_DEPLOYMENT_TARGET = 7.1;
				ONLY_ACTIVE_ARCH = YES;
				SDKROOT = iphoneos;
			};
			name = Debug;
		};
		CEF4494319077E4C0040EF08 /* Release */ = {
			isa = XCBuildConfiguration;
			buildSettings = {
				ALWAYS_SEARCH_USER_PATHS = NO;
				CLANG_CXX_LANGUAGE_STANDARD = "gnu++0x";
				CLANG_CXX_LIBRARY = "libc++";
				CLANG_ENABLE_MODULES = YES;
				CLANG_ENABLE_OBJC_ARC = YES;
				CLANG_WARN_BOOL_CONVERSION = YES;
				CLANG_WARN_CONSTANT_CONVERSION = YES;
				CLANG_WARN_DIRECT_OBJC_ISA_USAGE = YES_ERROR;
				CLANG_WARN_EMPTY_BODY = YES;
				CLANG_WARN_ENUM_CONVERSION = YES;
				CLANG_WARN_INT_CONVERSION = YES;
				CLANG_WARN_OBJC_ROOT_CLASS = YES_ERROR;
				CLANG_WARN__DUPLICATE_METHOD_MATCH = YES;
				"CODE_SIGN_IDENTITY[sdk=iphoneos*]" = "iPhone Developer";
				COPY_PHASE_STRIP = YES;
				ENABLE_NS_ASSERTIONS = NO;
				GCC_C_LANGUAGE_STANDARD = gnu99;
				GCC_WARN_64_TO_32_BIT_CONVERSION = YES;
				GCC_WARN_ABOUT_RETURN_TYPE = YES_ERROR;
				GCC_WARN_UNDECLARED_SELECTOR = YES;
				GCC_WARN_UNINITIALIZED_AUTOS = YES_AGGRESSIVE;
				GCC_WARN_UNUSED_FUNCTION = YES;
				GCC_WARN_UNUSED_VARIABLE = YES;
				IPHONEOS_DEPLOYMENT_TARGET = 7.1;
				SDKROOT = iphoneos;
				VALIDATE_PRODUCT = YES;
			};
			name = Release;
		};
		CEF4494519077E4C0040EF08 /* Debug */ = {
			isa = XCBuildConfiguration;
			buildSettings = {
				ASSETCATALOG_COMPILER_APPICON_NAME = AppIcon;
				ASSETCATALOG_COMPILER_LAUNCHIMAGE_NAME = LaunchImage;
				CODE_SIGN_IDENTITY = "iPhone Developer";
				"CODE_SIGN_IDENTITY[sdk=iphoneos*]" = "iPhone Developer";
				GCC_PRECOMPILE_PREFIX_HEADER = YES;
				GCC_PREFIX_HEADER = "SaritasaTest/SaritasaTest-Prefix.pch";
				INFOPLIST_FILE = "SaritasaTest/SaritasaTest-Info.plist";
				PRODUCT_NAME = "$(TARGET_NAME)";
				PROVISIONING_PROFILE = "";
				WRAPPER_EXTENSION = app;
			};
			name = Debug;
		};
		CEF4494619077E4C0040EF08 /* Release */ = {
			isa = XCBuildConfiguration;
			buildSettings = {
				ASSETCATALOG_COMPILER_APPICON_NAME = AppIcon;
				ASSETCATALOG_COMPILER_LAUNCHIMAGE_NAME = LaunchImage;
				CODE_SIGN_IDENTITY = "iPhone Developer";
				"CODE_SIGN_IDENTITY[sdk=iphoneos*]" = "iPhone Developer";
				GCC_PRECOMPILE_PREFIX_HEADER = YES;
				GCC_PREFIX_HEADER = "SaritasaTest/SaritasaTest-Prefix.pch";
				INFOPLIST_FILE = "SaritasaTest/SaritasaTest-Info.plist";
				PRODUCT_NAME = "$(TARGET_NAME)";
				PROVISIONING_PROFILE = "";
				WRAPPER_EXTENSION = app;
			};
			name = Release;
		};
		CEF4494819077E4C0040EF08 /* Debug */ = {
			isa = XCBuildConfiguration;
			buildSettings = {
				BUNDLE_LOADER = "$(BUILT_PRODUCTS_DIR)/SaritasaTest.app/SaritasaTest";
				FRAMEWORK_SEARCH_PATHS = (
					"$(SDKROOT)/Developer/Library/Frameworks",
					"$(inherited)",
					"$(DEVELOPER_FRAMEWORKS_DIR)",
				);
				GCC_PRECOMPILE_PREFIX_HEADER = YES;
				GCC_PREFIX_HEADER = "SaritasaTest/SaritasaTest-Prefix.pch";
				GCC_PREPROCESSOR_DEFINITIONS = (
					"DEBUG=1",
					"$(inherited)",
				);
				INFOPLIST_FILE = "SaritasaTestTests/SaritasaTestTests-Info.plist";
				PRODUCT_NAME = "$(TARGET_NAME)";
				TEST_HOST = "$(BUNDLE_LOADER)";
				WRAPPER_EXTENSION = xctest;
			};
			name = Debug;
		};
		CEF4494919077E4C0040EF08 /* Release */ = {
			isa = XCBuildConfiguration;
			buildSettings = {
				BUNDLE_LOADER = "$(BUILT_PRODUCTS_DIR)/SaritasaTest.app/SaritasaTest";
				FRAMEWORK_SEARCH_PATHS = (
					"$(SDKROOT)/Developer/Library/Frameworks",
					"$(inherited)",
					"$(DEVELOPER_FRAMEWORKS_DIR)",
				);
				GCC_PRECOMPILE_PREFIX_HEADER = YES;
				GCC_PREFIX_HEADER = "SaritasaTest/SaritasaTest-Prefix.pch";
				INFOPLIST_FILE = "SaritasaTestTests/SaritasaTestTests-Info.plist";
				PRODUCT_NAME = "$(TARGET_NAME)";
				TEST_HOST = "$(BUNDLE_LOADER)";
				WRAPPER_EXTENSION = xctest;
			};
			name = Release;
		};
/* End XCBuildConfiguration section */

/* Begin XCConfigurationList section */
		CEF4490A19077E4C0040EF08 /* Build configuration list for PBXProject "SaritasaTest" */ = {
			isa = XCConfigurationList;
			buildConfigurations = (
				CEF4494219077E4C0040EF08 /* Debug */,
				CEF4494319077E4C0040EF08 /* Release */,
			);
			defaultConfigurationIsVisible = 0;
			defaultConfigurationName = Release;
		};
		CEF4494419077E4C0040EF08 /* Build configuration list for PBXNativeTarget "SaritasaTest" */ = {
			isa = XCConfigurationList;
			buildConfigurations = (
				CEF4494519077E4C0040EF08 /* Debug */,
				CEF4494619077E4C0040EF08 /* Release */,
			);
			defaultConfigurationIsVisible = 0;
		};
		CEF4494719077E4C0040EF08 /* Build configuration list for PBXNativeTarget "SaritasaTestTests" */ = {
			isa = XCConfigurationList;
			buildConfigurations = (
				CEF4494819077E4C0040EF08 /* Debug */,
				CEF4494919077E4C0040EF08 /* Release */,
			);
			defaultConfigurationIsVisible = 0;
		};
/* End XCConfigurationList section */
	};
	rootObject = CEF4490719077E4C0040EF08 /* Project object */;
}
